Microsoft Visual Studio Solution File, Format Version 11.00
# Visual Studio 2008

Project("{8F901F64-DF11-6FDB-4F83-2A6B200819B6}") = "Examen", "Assembly-CSharp-firstpass.csproj", "{881D0561-CE57-ED8F-2D19-B81414EDE94B}"
EndProject
Project("{8F901F64-DF11-6FDB-4F83-2A6B200819B6}") = "Examen", "Assembly-CSharp.csproj", "{3E48D316-C8AD-3E48-8F42-BA02AC9702E9}"
EndProject
Project("{8F901F64-DF11-6FDB-4F83-2A6B200819B6}") = "Examen", "Assembly-UnityScript-firstpass.unityproj", "{A9161F29-D593-6FA9-5179-B19997E33C51}"
EndProject
Project("{8F901F64-DF11-6FDB-4F83-2A6B200819B6}") = "Examen", "Assembly-UnityScript.unityproj", "{87A2FB57-C9F1-6C30-642D-9339039185C5}"
EndProject
Global
	GlobalSection(SolutionConfigurationPlatforms) = preSolution
		Debug|Any CPU = Debug|Any CPU
		Release|Any CPU = Release|Any CPU
	EndGlobalSection
	GlobalSection(ProjectConfigurationPlatforms) = postSolution
		{881D0561-CE57-ED8F-2D19-B81414EDE94B}.Debug|Any CPU.ActiveCfg = Debug|Any CPU
		{881D0561-CE57-ED8F-2D19-B81414EDE94B}.Debug|Any CPU.Build.0 = Debug|Any CPU
		{881D0561-CE57-ED8F-2D19-B81414EDE94B}.Release|Any CPU.ActiveCfg = Release|Any CPU
		{881D0561-CE57-ED8F-2D19-B81414EDE94B}.Release|Any CPU.Build.0 = Release|Any CPU
		{3E48D316-C8AD-3E48-8F42-BA02AC9702E9}.Debug|Any CPU.ActiveCfg = Debug|Any CPU
		{3E48D316-C8AD-3E48-8F42-BA02AC9702E9}.Debug|Any CPU.Build.0 = Debug|Any CPU
		{3E48D316-C8AD-3E48-8F42-BA02AC9702E9}.Release|Any CPU.ActiveCfg = Release|Any CPU
		{3E48D316-C8AD-3E48-8F42-BA02AC9702E9}.Release|Any CPU.Build.0 = Release|Any CPU
		{A9161F29-D593-6FA9-5179-B19997E33C51}.Debug|Any CPU.ActiveCfg = Debug|Any CPU
		{A9161F29-D593-6FA9-5179-B19997E33C51}.Debug|Any CPU.Build.0 = Debug|Any CPU
		{A9161F29-D593-6FA9-5179-B19997E33C51}.Release|Any CPU.ActiveCfg = Release|Any CPU
		{A9161F29-D593-6FA9-5179-B19997E33C51}.Release|Any CPU.Build.0 = Release|Any CPU
		{87A2FB57-C9F1-6C30-642D-9339039185C5}.Debug|Any CPU.ActiveCfg = Debug|Any CPU
		{87A2FB57-C9F1-6C30-642D-9339039185C5}.Debug|Any CPU.Build.0 = Debug|Any CPU
		{87A2FB57-C9F1-6C30-642D-9339039185C5}.Release|Any CPU.ActiveCfg = Release|Any CPU
		{87A2FB57-C9F1-6C30-642D-9339039185C5}.Release|Any CPU.Build.0 = Release|Any CPU
	EndGlobalSection
	GlobalSection(SolutionProperties) = preSolution
		HideSolutionNode = FALSE
	EndGlobalSection
																																																																																																																																																																																																																GlobalSection(MonoDevelopProperties) = preSolution
		StartupItem = Assembly-CSharp.csproj
		Policies = $0
		$0.TextStylePolicy = $1
		$1.inheritsSet = null
		$1.scope = text/x-csharp
		$0.CSharpFormattingPolicy = $2
		$2.inheritsSet = Mono
		$2.inheritsScope = text/x-csharp
		$2.scope = text/x-csharp
		$0.TextStylePolicy = $3
		$3.FileWidth = 120
		$3.TabWidth = 4
		$3.EolMarker = Unix
		$3.inheritsSet = Mono
		$3.inheritsScope = text/plain
		$3.scope = text/plain
	EndGlobalSection

EndGlobal
